
Microsoft Visual Studio Solution File, Format Version 12.00
# Visual Studio Version 16
VisualStudioVersion = 16.0.31129.286
MinimumVisualStudioVersion = 10.0.40219.1
Project("{FAE04EC0-301F-11D3-BF4B-00C04F79EFBC}") = "Ramos_PersonObjectPart2", "Ramos_PersonObjectPart2\Ramos_PersonObjectPart2.csproj", "{040E8E9B-C1DF-411C-886B-C25560EF5953}"
EndProject
Global
	GlobalSection(SolutionConfigurationPlatforms) = preSolution
		Debug|Any CPU = Debug|Any CPU
		Release|Any CPU = Release|Any CPU
	EndGlobalSection
	GlobalSection(ProjectConfigurationPlatforms) = postSolution
		{040E8E9B-C1DF-411C-886B-C25560EF5953}.Debug|Any CPU.ActiveCfg = Debug|Any CPU
		{040E8E9B-C1DF-411C-886B-C25560EF5953}.Debug|Any CPU.Build.0 = Debug|Any CPU
		{040E8E9B-C1DF-411C-886B-C25560EF5953}.Release|Any CPU.ActiveCfg = Release|Any CPU
		{040E8E9B-C1DF-411C-886B-C25560EF5953}.Release|Any CPU.Build.0 = Release|Any CPU
	EndGlobalSection
	GlobalSection(SolutionProperties) = preSolution
		HideSolutionNode = FALSE
	EndGlobalSection
	GlobalSection(ExtensibilityGlobals) = postSolution
		SolutionGuid = {E269AF33-9114-45FB-B7DD-97EBD9874075}
	EndGlobalSection
EndGlobal
