
Microsoft Visual Studio Solution File, Format Version 12.00
# Visual Studio Version 16
VisualStudioVersion = 16.0.31129.286
MinimumVisualStudioVersion = 10.0.40219.1
Project("{FAE04EC0-301F-11D3-BF4B-00C04F79EFBC}") = "Ramos_BookClassWinInterace", "Ramos_BookClassWinInterace.csproj", "{07E20489-80A6-4B5A-BEFA-7171FEEA1B18}"
EndProject
Global
	GlobalSection(SolutionConfigurationPlatforms) = preSolution
		Debug|Any CPU = Debug|Any CPU
		Release|Any CPU = Release|Any CPU
	EndGlobalSection
	GlobalSection(ProjectConfigurationPlatforms) = postSolution
		{07E20489-80A6-4B5A-BEFA-7171FEEA1B18}.Debug|Any CPU.ActiveCfg = Debug|Any CPU
		{07E20489-80A6-4B5A-BEFA-7171FEEA1B18}.Debug|Any CPU.Build.0 = Debug|Any CPU
		{07E20489-80A6-4B5A-BEFA-7171FEEA1B18}.Release|Any CPU.ActiveCfg = Release|Any CPU
		{07E20489-80A6-4B5A-BEFA-7171FEEA1B18}.Release|Any CPU.Build.0 = Release|Any CPU
	EndGlobalSection
	GlobalSection(SolutionProperties) = preSolution
		HideSolutionNode = FALSE
	EndGlobalSection
	GlobalSection(ExtensibilityGlobals) = postSolution
		SolutionGuid = {E9AF3649-FC8D-40E6-8A40-799B58E6539E}
	EndGlobalSection
EndGlobal
