
Microsoft Visual Studio Solution File, Format Version 12.00
# Visual Studio Version 16
VisualStudioVersion = 16.0.31129.286
MinimumVisualStudioVersion = 10.0.40219.1
Project("{FAE04EC0-301F-11D3-BF4B-00C04F79EFBC}") = "Ramos_Lab1_GradeBook", "Ramos_Lab1_GradeBook\Ramos_Lab1_GradeBook.csproj", "{A9042CF7-29C8-475F-AFB1-3037C99C9827}"
EndProject
Global
	GlobalSection(SolutionConfigurationPlatforms) = preSolution
		Debug|Any CPU = Debug|Any CPU
		Release|Any CPU = Release|Any CPU
	EndGlobalSection
	GlobalSection(ProjectConfigurationPlatforms) = postSolution
		{A9042CF7-29C8-475F-AFB1-3037C99C9827}.Debug|Any CPU.ActiveCfg = Debug|Any CPU
		{A9042CF7-29C8-475F-AFB1-3037C99C9827}.Debug|Any CPU.Build.0 = Debug|Any CPU
		{A9042CF7-29C8-475F-AFB1-3037C99C9827}.Release|Any CPU.ActiveCfg = Release|Any CPU
		{A9042CF7-29C8-475F-AFB1-3037C99C9827}.Release|Any CPU.Build.0 = Release|Any CPU
	EndGlobalSection
	GlobalSection(SolutionProperties) = preSolution
		HideSolutionNode = FALSE
	EndGlobalSection
	GlobalSection(ExtensibilityGlobals) = postSolution
		SolutionGuid = {0F4EE3F9-9CF2-46ED-8F7B-698C92893358}
	EndGlobalSection
EndGlobal
